
Microsoft Visual Studio Solution File, Format Version 12.00
# Visual Studio 15
Project("{FAE04EC0-301F-11D3-BF4B-00C04F79EFBC}") = "Assembly-CSharp", "Assembly-CSharp.csproj", "{FAF806E0-B8B2-5BE2-AB12-C006700C4C26}"
EndProject
Global
	GlobalSection(SolutionConfigurationPlatforms) = preSolution
		Debug|Any CPU = Debug|Any CPU
		Release|Any CPU = Release|Any CPU
	EndGlobalSection
	GlobalSection(ProjectConfigurationPlatforms) = postSolution
		{FAF806E0-B8B2-5BE2-AB12-C006700C4C26}.Debug|Any CPU.ActiveCfg = Debug|Any CPU
		{FAF806E0-B8B2-5BE2-AB12-C006700C4C26}.Debug|Any CPU.Build.0 = Debug|Any CPU
		{FAF806E0-B8B2-5BE2-AB12-C006700C4C26}.Release|Any CPU.ActiveCfg = Release|Any CPU
		{FAF806E0-B8B2-5BE2-AB12-C006700C4C26}.Release|Any CPU.Build.0 = Release|Any CPU
	EndGlobalSection
	GlobalSection(SolutionProperties) = preSolution
		HideSolutionNode = FALSE
	EndGlobalSection
EndGlobal
